// !$*UTF8*$!
{
	archiveVersion = 1;
	classes = {
	};
	objectVersion = 48;
	objects = {

/* Begin PBXBuildFile section */
		AC359BD42106C4FD00279DCA /* AppDelegate.m in Sources */ = {isa = PBXBuildFile; fileRef = AC359BD32106C4FD00279DCA /* AppDelegate.m */; };
		AC359BD72106C4FD00279DCA /* ViewController.m in Sources */ = {isa = PBXBuildFile; fileRef = AC359BD62106C4FD00279DCA /* ViewController.m */; };
		AC359BDA2106C4FD00279DCA /* Main.storyboard in Resources */ = {isa = PBXBuildFile; fileRef = AC359BD82106C4FD00279DCA /* Main.storyboard */; };
		AC359BDC2106C4FD00279DCA /* Assets.xcassets in Resources */ = {isa = PBXBuildFile; fileRef = AC359BDB2106C4FD00279DCA /* Assets.xcassets */; };
		AC359BDF2106C4FD00279DCA /* LaunchScreen.storyboard in Resources */ = {isa = PBXBuildFile; fileRef = AC359BDD2106C4FD00279DCA /* LaunchScreen.storyboard */; };
		AC359BE22106C4FD00279DCA /* main.m in Sources */ = {isa = PBXBuildFile; fileRef = AC359BE12106C4FD00279DCA /* main.m */; };
/* End PBXBuildFile section */

/* Begin PBXFileReference section */
		AC359BCF2106C4FD00279DCA /* WWG.app */ = {isa = PBXFileReference; explicitFileType = wrapper.application; includeInIndex = 0; path = WWG.app; sourceTree = BUILT_PRODUCTS_DIR; };
		AC359BD22106C4FD00279DCA /* AppDelegate.h */ = {isa = PBXFileReference; lastKnownFileType = sourcecode.c.h; path = AppDelegate.h; sourceTree = "<group>"; };
		AC359BD32106C4FD00279DCA /* AppDelegate.m */ = {isa = PBXFileReference; lastKnownFileType = sourcecode.c.objc; path = AppDelegate.m; sourceTree = "<group>"; };
		AC359BD52106C4FD00279DCA /* ViewController.h */ = {isa = PBXFileReference; lastKnownFileType = sourcecode.c.h; path = ViewController.h; sourceTree = "<group>"; };
		AC359BD62106C4FD00279DCA /* ViewController.m */ = {isa = PBXFileReference; lastKnownFileType = sourcecode.c.objc; path = ViewController.m; sourceTree = "<group>"; };
		AC359BD92106C4FD00279DCA /* Base */ = {isa = PBXFileReference; lastKnownFileType = file.storyboard; name = Base; path = Base.lproj/Main.storyboard; sourceTree = "<group>"; };
		AC359BDB2106C4FD00279DCA /* Assets.xcassets */ = {isa = PBXFileReference; lastKnownFileType = folder.assetcatalog; path = Assets.xcassets; sourceTree = "<group>"; };
		AC359BDE2106C4FD00279DCA /* Base */ = {isa = PBXFileReference; lastKnownFileType = file.storyboard; name = Base; path = Base.lproj/LaunchScreen.storyboard; sourceTree = "<group>"; };
		AC359BE02106C4FD00279DCA /* Info.plist */ = {isa = PBXFileReference; lastKnownFileType = text.plist.xml; path = Info.plist; sourceTree = "<group>"; };
		AC359BE12106C4FD00279DCA /* main.m */ = {isa = PBXFileReference; lastKnownFileType = sourcecode.c.objc; path = main.m; sourceTree = "<group>"; };
/* End PBXFileReference section */

/* Begin PBXFrameworksBuildPhase section */
		AC359BCC2106C4FD00279DCA /* Frameworks */ = {
			isa = PBXFrameworksBuildPhase;
			buildActionMask = 2147483647;
			files = (
			);
			runOnlyForDeploymentPostprocessing = 0;
		};
/* End PBXFrameworksBuildPhase section */

/* Begin PBXGroup section */
		AC359BC62106C4FD00279DCA = {
			isa = PBXGroup;
			children = (
				AC359BD12106C4FD00279DCA /* WWG */,
				AC359BD02106C4FD00279DCA /* Products */,
			);
			sourceTree = "<group>";
		};
		AC359BD02106C4FD00279DCA /* Products */ = {
			isa = PBXGroup;
			children = (
				AC359BCF2106C4FD00279DCA /* WWG.app */,
			);
			name = Products;
			sourceTree = "<group>";
		};
		AC359BD12106C4FD00279DCA /* WWG */ = {
			isa = PBXGroup;
			children = (
				AC359BD22106C4FD00279DCA /* AppDelegate.h */,
				AC359BD32106C4FD00279DCA /* AppDelegate.m */,
				AC359BD52106C4FD00279DCA /* ViewController.h */,
				AC359BD62106C4FD00279DCA /* ViewController.m */,
				AC359BD82106C4FD00279DCA /* Main.storyboard */,
				AC359BDB2106C4FD00279DCA /* Assets.xcassets */,
				AC359BDD2106C4FD00279DCA /* LaunchScreen.storyboard */,
				AC359BE02106C4FD00279DCA /* Info.plist */,
				AC359BE12106C4FD00279DCA /* main.m */,
			);
			path = WWG;
			sourceTree = "<group>";
		};
/* End PBXGroup section */

/* Begin PBXNativeTarget section */
		AC359BCE2106C4FD00279DCA /* WWG */ = {
			isa = PBXNativeTarget;
			buildConfigurationList = AC359BE52106C4FD00279DCA /* Build configuration list for PBXNativeTarget "WWG" */;
			buildPhases = (
				AC359BCB2106C4FD00279DCA /* Sources */,
				AC359BCC2106C4FD00279DCA /* Frameworks */,
				AC359BCD2106C4FD00279DCA /* Resources */,
			);
			buildRules = (
			);
			dependencies = (
			);
			name = WWG;
			productName = WWG;
			productReference = AC359BCF2106C4FD00279DCA /* WWG.app */;
			productType = "com.apple.product-type.application";
		};
/* End PBXNativeTarget section */

/* Begin PBXProject section */
		AC359BC72106C4FD00279DCA /* Project object */ = {
			isa = PBXProject;
			attributes = {
				LastUpgradeCheck = 0920;
				ORGANIZATIONNAME = WSC;
				TargetAttributes = {
					AC359BCE2106C4FD00279DCA = {
						CreatedOnToolsVersion = 9.2;
						ProvisioningStyle = Automatic;
					};
				};
			};
			buildConfigurationList = AC359BCA2106C4FD00279DCA /* Build configuration list for PBXProject "WWG" */;
			compatibilityVersion = "Xcode 8.0";
			developmentRegion = en;
			hasScannedForEncodings = 0;
			knownRegions = (
				en,
				Base,
			);
			mainGroup = AC359BC62106C4FD00279DCA;
			productRefGroup = AC359BD02106C4FD00279DCA /* Products */;
			projectDirPath = "";
			projectRoot = "";
			targets = (
				AC359BCE2106C4FD00279DCA /* WWG */,
			);
		};
/* End PBXProject section */

/* Begin PBXResourcesBuildPhase section */
		AC359BCD2106C4FD00279DCA /* Resources */ = {
			isa = PBXResourcesBuildPhase;
			buildActionMask = 2147483647;
			files = (
				AC359BDF2106C4FD00279DCA /* LaunchScreen.storyboard in Resources */,
				AC359BDC2106C4FD00279DCA /* Assets.xcassets in Resources */,
				AC359BDA2106C4FD00279DCA /* Main.storyboard in Resources */,
			);
			runOnlyForDeploymentPostprocessing = 0;
		};
/* End PBXResourcesBuildPhase section */

/* Begin PBXSourcesBuildPhase section */
		AC359BCB2106C4FD00279DCA /* Sources */ = {
			isa = PBXSourcesBuildPhase;
			buildActionMask = 2147483647;
			files = (
				AC359BD72106C4FD00279DCA /* ViewController.m in Sources */,
				AC359BE22106C4FD00279DCA /* main.m in Sources */,
				AC359BD42106C4FD00279DCA /* AppDelegate.m in Sources */,
			);
			runOnlyForDeploymentPostprocessing = 0;
		};
/* End PBXSourcesBuildPhase section */

/* Begin PBXVariantGroup section */
		AC359BD82106C4FD00279DCA /* Main.storyboard */ = {
			isa = PBXVariantGroup;
			children = (
				AC359BD92106C4FD00279DCA /* Base */,
			);
			name = Main.storyboard;
			sourceTree = "<group>";
		};
		AC359BDD2106C4FD00279DCA /* LaunchScreen.storyboard */ = {
			isa = PBXVariantGroup;
			children = (
				AC359BDE2106C4FD00279DCA /* Base */,
			);
			name = LaunchScreen.storyboard;
			sourceTree = "<group>";
		};
/* End PBXVariantGroup section */

/* Begin XCBuildConfiguration section */
		AC359BE32106C4FD00279DCA /* Debug */ = {
			isa = XCBuildConfiguration;
			buildSettings = {
				ALWAYS_SEARCH_USER_PATHS = NO;
				CLANG_ANALYZER_NONNULL = YES;
				CLANG_ANALYZER_NUMBER_OBJECT_CONVERSION = YES_AGGRESSIVE;
				CLANG_CXX_LANGUAGE_STANDARD = "gnu++14";
				CLANG_CXX_LIBRARY = "libc++";
				CLANG_ENABLE_MODULES = YES;
				CLANG_ENABLE_OBJC_ARC = YES;
				CLANG_WARN_BLOCK_CAPTURE_AUTORELEASING = YES;
				CLANG_WARN_BOOL_CONVERSION = YES;
				CLANG_WARN_COMMA = YES;
				CLANG_WARN_CONSTANT_CONVERSION = YES;
				CLANG_WARN_DIRECT_OBJC_ISA_USAGE = YES_ERROR;
				CLANG_WARN_DOCUMENTATION_COMMENTS = YES;
				CLANG_WARN_EMPTY_BODY = YES;
				CLANG_WARN_ENUM_CONVERSION = YES;
				CLANG_WARN_INFINITE_RECURSION = YES;
				CLANG_WARN_INT_CONVERSION = YES;
				CLANG_WARN_NON_LITERAL_NULL_CONVERSION = YES;
				CLANG_WARN_OBJC_LITERAL_CONVERSION = YES;
				CLANG_WARN_OBJC_ROOT_CLASS = YES_ERROR;
				CLANG_WARN_RANGE_LOOP_ANALYSIS = YES;
				CLANG_WARN_STRICT_PROTOTYPES = YES;
				CLANG_WARN_SUSPICIOUS_MOVE = YES;
				CLANG_WARN_UNGUARDED_AVAILABILITY = YES_AGGRESSIVE;
				CLANG_WARN_UNREACHABLE_CODE = YES;
				CLANG_WARN__DUPLICATE_METHOD_MATCH = YES;
				CODE_SIGN_IDENTITY = "iPhone Developer";
				COPY_PHASE_STRIP = NO;
				DEBUG_INFORMATION_FORMAT = dwarf;
				ENABLE_STRICT_OBJC_MSGSEND = YES;
				ENABLE_TESTABILITY = YES;
				GCC_C_LANGUAGE_STANDARD = gnu11;
				GCC_DYNAMIC_NO_PIC = NO;
				GCC_NO_COMMON_BLOCKS = YES;
				GCC_OPTIMIZATION_LEVEL = 0;
				GCC_PREPROCESSOR_DEFINITIONS = (
					"DEBUG=1",
					"$(inherited)",
				);
				GCC_WARN_64_TO_32_BIT_CONVERSION = YES;
				GCC_WARN_ABOUT_RETURN_TYPE = YES_ERROR;
				GCC_WARN_UNDECLARED_SELECTOR = YES;
				GCC_WARN_UNINITIALIZED_AUTOS = YES_AGGRESSIVE;
				GCC_WARN_UNUSED_FUNCTION = YES;
				GCC_WARN_UNUSED_VARIABLE = YES;
				IPHONEOS_DEPLOYMENT_TARGET = 11.2;
				MTL_ENABLE_DEBUG_INFO = YES;
				ONLY_ACTIVE_ARCH = YES;
				SDKROOT = iphoneos;
			};
			name = Debug;
		};
		AC359BE42106C4FD00279DCA /* Release */ = {
			isa = XCBuildConfiguration;
			buildSettings = {
				ALWAYS_SEARCH_USER_PATHS = NO;
				CLANG_ANALYZER_NONNULL = YES;
				CLANG_ANALYZER_NUMBER_OBJECT_CONVERSION = YES_AGGRESSIVE;
				CLANG_CXX_LANGUAGE_STANDARD = "gnu++14";
				CLANG_CXX_LIBRARY = "libc++";
				CLANG_ENABLE_MODULES = YES;
				CLANG_ENABLE_OBJC_ARC = YES;
				CLANG_WARN_BLOCK_CAPTURE_AUTORELEASING = YES;
				CLANG_WARN_BOOL_CONVERSION = YES;
				CLANG_WARN_COMMA = YES;
				CLANG_WARN_CONSTANT_CONVERSION = YES;
				CLANG_WARN_DIRECT_OBJC_ISA_USAGE = YES_ERROR;
				CLANG_WARN_DOCUMENTATION_COMMENTS = YES;
				CLANG_WARN_EMPTY_BODY = YES;
				CLANG_WARN_ENUM_CONVERSION = YES;
				CLANG_WARN_INFINITE_RECURSION = YES;
				CLANG_WARN_INT_CONVERSION = YES;
				CLANG_WARN_NON_LITERAL_NULL_CONVERSION = YES;
				CLANG_WARN_OBJC_LITERAL_CONVERSION = YES;
				CLANG_WARN_OBJC_ROOT_CLASS = YES_ERROR;
				CLANG_WARN_RANGE_LOOP_ANALYSIS = YES;
				CLANG_WARN_STRICT_PROTOTYPES = YES;
				CLANG_WARN_SUSPICIOUS_MOVE = YES;
				CLANG_WARN_UNGUARDED_AVAILABILITY = YES_AGGRESSIVE;
				CLANG_WARN_UNREACHABLE_CODE = YES;
				CLANG_WARN__DUPLICATE_METHOD_MATCH = YES;
				CODE_SIGN_IDENTITY = "iPhone Developer";
				COPY_PHASE_STRIP = NO;
				DEBUG_INFORMATION_FORMAT = "dwarf-with-dsym";
				ENABLE_NS_ASSERTIONS = NO;
				ENABLE_STRICT_OBJC_MSGSEND = YES;
				GCC_C_LANGUAGE_STANDARD = gnu11;
				GCC_NO_COMMON_BLOCKS = YES;
				GCC_WARN_64_TO_32_BIT_CONVERSION = YES;
				GCC_WARN_ABOUT_RETURN_TYPE = YES_ERROR;
				GCC_WARN_UNDECLARED_SELECTOR = YES;
				GCC_WARN_UNINITIALIZED_AUTOS = YES_AGGRESSIVE;
				GCC_WARN_UNUSED_FUNCTION = YES;
				GCC_WARN_UNUSED_VARIABLE = YES;
				IPHONEOS_DEPLOYMENT_TARGET = 11.2;
				MTL_ENABLE_DEBUG_INFO = NO;
				SDKROOT = iphoneos;
				VALIDATE_PRODUCT = YES;
			};
			name = Release;
		};
		AC359BE62106C4FD00279DCA /* Debug */ = {
			isa = XCBuildConfiguration;
			buildSettings = {
				ASSETCATALOG_COMPILER_APPICON_NAME = AppIcon;
				CODE_SIGN_STYLE = Automatic;
				DEVELOPMENT_TEAM = 3H999QENZH;
				INFOPLIST_FILE = WWG/Info.plist;
				LD_RUNPATH_SEARCH_PATHS = "$(inherited) @executable_path/Frameworks";
				PRODUCT_BUNDLE_IDENTIFIER = com.wickey.WWG;
				PRODUCT_NAME = "$(TARGET_NAME)";
				TARGETED_DEVICE_FAMILY = "1,2";
			};
			name = Debug;
		};
		AC359BE72106C4FD00279DCA /* Release */ = {
			isa = XCBuildConfiguration;
			buildSettings = {
				ASSETCATALOG_COMPILER_APPICON_NAME = AppIcon;
				CODE_SIGN_STYLE = Automatic;
				DEVELOPMENT_TEAM = 3H999QENZH;
				INFOPLIST_FILE = WWG/Info.plist;
				LD_RUNPATH_SEARCH_PATHS = "$(inherited) @executable_path/Frameworks";
				PRODUCT_BUNDLE_IDENTIFIER = com.wickey.WWG;
				PRODUCT_NAME = "$(TARGET_NAME)";
				TARGETED_DEVICE_FAMILY = "1,2";
			};
			name = Release;
		};
/* End XCBuildConfiguration section */

/* Begin XCConfigurationList section */
		AC359BCA2106C4FD00279DCA /* Build configuration list for PBXProject "WWG" */ = {
			isa = XCConfigurationList;
			buildConfigurations = (
				AC359BE32106C4FD00279DCA /* Debug */,
				AC359BE42106C4FD00279DCA /* Release */,
			);
			defaultConfigurationIsVisible = 0;
			defaultConfigurationName = Release;
		};
		AC359BE52106C4FD00279DCA /* Build configuration list for PBXNativeTarget "WWG" */ = {
			isa = XCConfigurationList;
			buildConfigurations = (
				AC359BE62106C4FD00279DCA /* Debug */,
				AC359BE72106C4FD00279DCA /* Release */,
			);
			defaultConfigurationIsVisible = 0;
			defaultConfigurationName = Release;
		};
/* End XCConfigurationList section */
	};
	rootObject = AC359BC72106C4FD00279DCA /* Project object */;
}
