PODS:
  - mob_smssdk (3.2.1):
    - MOBFoundation
  - MOBFoundation (3.1.6)

DEPENDENCIES:
  - mob_smssdk

SPEC REPOS:
  https://github.com/cocoapods/specs.git:
    - mob_smssdk
    - MOBFoundation

SPEC CHECKSUMS:
  mob_smssdk: edc462704cc07c6d245eee16c4c09ac4f4d53e61
  MOBFoundation: a87c5f11fb87f873337189c3ec0add4d3ec6221a

PODFILE CHECKSUM: 971be5d87201b4b65e3e3e359696445e2d2a7392

COCOAPODS: 1.5.3
